
Microsoft Visual Studio Solution File, Format Version 12.00
# Visual Studio Version 17
VisualStudioVersion = 17.4.33213.308
MinimumVisualStudioVersion = 10.0.40219.1
Project("{FAE04EC0-301F-11D3-BF4B-00C04F79EFBC}") = "Dublongold_site", "Dublongold_site.csproj", "{74C87895-1931-447E-A29D-9CD8C9C9131C}"
EndProject
Global
	GlobalSection(SolutionConfigurationPlatforms) = preSolution
		Debug|Any CPU = Debug|Any CPU
		Release|Any CPU = Release|Any CPU
	EndGlobalSection
	GlobalSection(ProjectConfigurationPlatforms) = postSolution
		{74C87895-1931-447E-A29D-9CD8C9C9131C}.Debug|Any CPU.ActiveCfg = Debug|Any CPU
		{74C87895-1931-447E-A29D-9CD8C9C9131C}.Debug|Any CPU.Build.0 = Debug|Any CPU
		{74C87895-1931-447E-A29D-9CD8C9C9131C}.Release|Any CPU.ActiveCfg = Release|Any CPU
		{74C87895-1931-447E-A29D-9CD8C9C9131C}.Release|Any CPU.Build.0 = Release|Any CPU
	EndGlobalSection
	GlobalSection(SolutionProperties) = preSolution
		HideSolutionNode = FALSE
	EndGlobalSection
	GlobalSection(ExtensibilityGlobals) = postSolution
		SolutionGuid = {87946E9A-95D6-4AAA-9339-3D7B1A9CBBF0}
	EndGlobalSection
EndGlobal
